
Microsoft Visual Studio Solution File, Format Version 12.00
# Visual Studio 15
VisualStudioVersion = 15.0.28307.779
MinimumVisualStudioVersion = 10.0.40219.1
Project("{FAE04EC0-301F-11D3-BF4B-00C04F79EFBC}") = "ClearstreamApiTester", "ClearstreamApiTester\ClearstreamApiTester.csproj", "{BE89A3EE-29C3-43FD-94E2-DC76DE68A581}"
EndProject
Project("{FAE04EC0-301F-11D3-BF4B-00C04F79EFBC}") = "ClearstreamDotNetFramework", "ClearstreamDotNetFramework\ClearstreamDotNetFramework.csproj", "{6FB4D1A8-5F86-454D-94BB-FC1365523330}"
EndProject
Global
	GlobalSection(SolutionConfigurationPlatforms) = preSolution
		Debug|Any CPU = Debug|Any CPU
		Release|Any CPU = Release|Any CPU
	EndGlobalSection
	GlobalSection(ProjectConfigurationPlatforms) = postSolution
		{BE89A3EE-29C3-43FD-94E2-DC76DE68A581}.Debug|Any CPU.ActiveCfg = Debug|Any CPU
		{BE89A3EE-29C3-43FD-94E2-DC76DE68A581}.Debug|Any CPU.Build.0 = Debug|Any CPU
		{BE89A3EE-29C3-43FD-94E2-DC76DE68A581}.Release|Any CPU.ActiveCfg = Release|Any CPU
		{BE89A3EE-29C3-43FD-94E2-DC76DE68A581}.Release|Any CPU.Build.0 = Release|Any CPU
		{6FB4D1A8-5F86-454D-94BB-FC1365523330}.Debug|Any CPU.ActiveCfg = Debug|Any CPU
		{6FB4D1A8-5F86-454D-94BB-FC1365523330}.Debug|Any CPU.Build.0 = Debug|Any CPU
		{6FB4D1A8-5F86-454D-94BB-FC1365523330}.Release|Any CPU.ActiveCfg = Release|Any CPU
		{6FB4D1A8-5F86-454D-94BB-FC1365523330}.Release|Any CPU.Build.0 = Release|Any CPU
	EndGlobalSection
	GlobalSection(SolutionProperties) = preSolution
		HideSolutionNode = FALSE
	EndGlobalSection
	GlobalSection(ExtensibilityGlobals) = postSolution
		SolutionGuid = {36CC408F-6F18-464C-B416-6EF874A02F5C}
	EndGlobalSection
EndGlobal
